
Microsoft Visual Studio Solution File, Format Version 12.00
# Visual Studio 2013
VisualStudioVersion = 12.0.21005.1
MinimumVisualStudioVersion = 10.0.40219.1
Project("{FAE04EC0-301F-11D3-BF4B-00C04F79EFBC}") = "SupermarketChain.Models", "SupermarketChain.Models\SupermarketChain.Models.csproj", "{647EBE5C-AAB4-42E3-894F-CD3DC1245EB4}"
EndProject
Project("{FAE04EC0-301F-11D3-BF4B-00C04F79EFBC}") = "SupermarketChain.Data", "SupermarketChain.Data\SupermarketChain.Data.csproj", "{CD89C8D9-420C-4168-9B45-C1E04BB84EA1}"
EndProject
Project("{FAE04EC0-301F-11D3-BF4B-00C04F79EFBC}") = "SupermarketChain.ConsoleClient", "SupermarketChain.ConsoleClient\SupermarketChain.ConsoleClient.csproj", "{B0DB8579-94B8-4C13-AA94-B722F8E7885A}"
EndProject
Project("{FAE04EC0-301F-11D3-BF4B-00C04F79EFBC}") = "05. ExportToJSON", "05. ExportToJSON\05. ExportToJSON.csproj", "{76EF1287-783C-4372-A222-91819F338077}"
EndProject
Project("{FAE04EC0-301F-11D3-BF4B-00C04F79EFBC}") = "03. ExportToPdf", "03. ExportToPdf\03. ExportToPdf.csproj", "{955A2D07-9118-446E-AE5A-AA0EAE57C7BE}"
EndProject
Project("{FAE04EC0-301F-11D3-BF4B-00C04F79EFBC}") = "02. ZipManager", "02. ZipManager\02. ZipManager.csproj", "{AD3664E6-883A-43D2-BCF6-9AA1F3A20901}"
EndProject
Project("{FAE04EC0-301F-11D3-BF4B-00C04F79EFBC}") = "06. LoadExpenseDataFromXml", "06. LoadExpenseDataFromXml\06. LoadExpenseDataFromXml.csproj", "{E9A2BA90-ED76-46A6-9B59-E876FCBEDF87}"
EndProject
Global
	GlobalSection(SolutionConfigurationPlatforms) = preSolution
		Debug|Any CPU = Debug|Any CPU
		Release|Any CPU = Release|Any CPU
	EndGlobalSection
	GlobalSection(ProjectConfigurationPlatforms) = postSolution
		{647EBE5C-AAB4-42E3-894F-CD3DC1245EB4}.Debug|Any CPU.ActiveCfg = Debug|Any CPU
		{647EBE5C-AAB4-42E3-894F-CD3DC1245EB4}.Debug|Any CPU.Build.0 = Debug|Any CPU
		{647EBE5C-AAB4-42E3-894F-CD3DC1245EB4}.Release|Any CPU.ActiveCfg = Release|Any CPU
		{647EBE5C-AAB4-42E3-894F-CD3DC1245EB4}.Release|Any CPU.Build.0 = Release|Any CPU
		{CD89C8D9-420C-4168-9B45-C1E04BB84EA1}.Debug|Any CPU.ActiveCfg = Debug|Any CPU
		{CD89C8D9-420C-4168-9B45-C1E04BB84EA1}.Debug|Any CPU.Build.0 = Debug|Any CPU
		{CD89C8D9-420C-4168-9B45-C1E04BB84EA1}.Release|Any CPU.ActiveCfg = Release|Any CPU
		{CD89C8D9-420C-4168-9B45-C1E04BB84EA1}.Release|Any CPU.Build.0 = Release|Any CPU
		{B0DB8579-94B8-4C13-AA94-B722F8E7885A}.Debug|Any CPU.ActiveCfg = Debug|Any CPU
		{B0DB8579-94B8-4C13-AA94-B722F8E7885A}.Debug|Any CPU.Build.0 = Debug|Any CPU
		{B0DB8579-94B8-4C13-AA94-B722F8E7885A}.Release|Any CPU.ActiveCfg = Release|Any CPU
		{B0DB8579-94B8-4C13-AA94-B722F8E7885A}.Release|Any CPU.Build.0 = Release|Any CPU
		{76EF1287-783C-4372-A222-91819F338077}.Debug|Any CPU.ActiveCfg = Debug|Any CPU
		{76EF1287-783C-4372-A222-91819F338077}.Debug|Any CPU.Build.0 = Debug|Any CPU
		{76EF1287-783C-4372-A222-91819F338077}.Release|Any CPU.ActiveCfg = Release|Any CPU
		{76EF1287-783C-4372-A222-91819F338077}.Release|Any CPU.Build.0 = Release|Any CPU
		{955A2D07-9118-446E-AE5A-AA0EAE57C7BE}.Debug|Any CPU.ActiveCfg = Debug|Any CPU
		{955A2D07-9118-446E-AE5A-AA0EAE57C7BE}.Debug|Any CPU.Build.0 = Debug|Any CPU
		{955A2D07-9118-446E-AE5A-AA0EAE57C7BE}.Release|Any CPU.ActiveCfg = Release|Any CPU
		{955A2D07-9118-446E-AE5A-AA0EAE57C7BE}.Release|Any CPU.Build.0 = Release|Any CPU
		{AD3664E6-883A-43D2-BCF6-9AA1F3A20901}.Debug|Any CPU.ActiveCfg = Debug|Any CPU
		{AD3664E6-883A-43D2-BCF6-9AA1F3A20901}.Debug|Any CPU.Build.0 = Debug|Any CPU
		{AD3664E6-883A-43D2-BCF6-9AA1F3A20901}.Release|Any CPU.ActiveCfg = Release|Any CPU
		{AD3664E6-883A-43D2-BCF6-9AA1F3A20901}.Release|Any CPU.Build.0 = Release|Any CPU
		{E9A2BA90-ED76-46A6-9B59-E876FCBEDF87}.Debug|Any CPU.ActiveCfg = Debug|Any CPU
		{E9A2BA90-ED76-46A6-9B59-E876FCBEDF87}.Debug|Any CPU.Build.0 = Debug|Any CPU
		{E9A2BA90-ED76-46A6-9B59-E876FCBEDF87}.Release|Any CPU.ActiveCfg = Release|Any CPU
		{E9A2BA90-ED76-46A6-9B59-E876FCBEDF87}.Release|Any CPU.Build.0 = Release|Any CPU
	EndGlobalSection
	GlobalSection(SolutionProperties) = preSolution
		HideSolutionNode = FALSE
	EndGlobalSection
EndGlobal
