
Microsoft Visual Studio Solution File, Format Version 12.00
# Visual Studio 2013
VisualStudioVersion = 12.0.21005.1
MinimumVisualStudioVersion = 10.0.40219.1
Project("{FAE04EC0-301F-11D3-BF4B-00C04F79EFBC}") = "SupermarketChain.Models", "SupermarketChain.Models\SupermarketChain.Models.csproj", "{647EBE5C-AAB4-42E3-894F-CD3DC1245EB4}"
EndProject
Project("{FAE04EC0-301F-11D3-BF4B-00C04F79EFBC}") = "SupermarketChain.Data", "SupermarketChain.Data\SupermarketChain.Data.csproj", "{CD89C8D9-420C-4168-9B45-C1E04BB84EA1}"
EndProject
Project("{FAE04EC0-301F-11D3-BF4B-00C04F79EFBC}") = "SupermarketChain.ConsoleClient", "SupermarketChain.ConsoleClient\SupermarketChain.ConsoleClient.csproj", "{B0DB8579-94B8-4C13-AA94-B722F8E7885A}"
EndProject
Project("{FAE04EC0-301F-11D3-BF4B-00C04F79EFBC}") = "08. ExportFromSQLiteAndMySQLtoExcel", "08. ExportFromSQLiteAndMySQLtoExcel\08. ExportFromSQLiteAndMySQLtoExcel.csproj", "{9729CAFB-D7BF-49E9-BAD9-EC9090DF473D}"
EndProject
Project("{FAE04EC0-301F-11D3-BF4B-00C04F79EFBC}") = "SupermarketChain.Engine", "SupermarketChain.Engine\SupermarketChain.Engine.csproj", "{4CF255BF-4234-49F0-8A40-A83AFA441422}"
EndProject
Global
	GlobalSection(SolutionConfigurationPlatforms) = preSolution
		Debug|Any CPU = Debug|Any CPU
		Release|Any CPU = Release|Any CPU
	EndGlobalSection
	GlobalSection(ProjectConfigurationPlatforms) = postSolution
		{647EBE5C-AAB4-42E3-894F-CD3DC1245EB4}.Debug|Any CPU.ActiveCfg = Debug|Any CPU
		{647EBE5C-AAB4-42E3-894F-CD3DC1245EB4}.Debug|Any CPU.Build.0 = Debug|Any CPU
		{647EBE5C-AAB4-42E3-894F-CD3DC1245EB4}.Release|Any CPU.ActiveCfg = Release|Any CPU
		{647EBE5C-AAB4-42E3-894F-CD3DC1245EB4}.Release|Any CPU.Build.0 = Release|Any CPU
		{CD89C8D9-420C-4168-9B45-C1E04BB84EA1}.Debug|Any CPU.ActiveCfg = Debug|Any CPU
		{CD89C8D9-420C-4168-9B45-C1E04BB84EA1}.Debug|Any CPU.Build.0 = Debug|Any CPU
		{CD89C8D9-420C-4168-9B45-C1E04BB84EA1}.Release|Any CPU.ActiveCfg = Release|Any CPU
		{CD89C8D9-420C-4168-9B45-C1E04BB84EA1}.Release|Any CPU.Build.0 = Release|Any CPU
		{B0DB8579-94B8-4C13-AA94-B722F8E7885A}.Debug|Any CPU.ActiveCfg = Debug|Any CPU
		{B0DB8579-94B8-4C13-AA94-B722F8E7885A}.Debug|Any CPU.Build.0 = Debug|Any CPU
		{B0DB8579-94B8-4C13-AA94-B722F8E7885A}.Release|Any CPU.ActiveCfg = Release|Any CPU
		{B0DB8579-94B8-4C13-AA94-B722F8E7885A}.Release|Any CPU.Build.0 = Release|Any CPU
		{9729CAFB-D7BF-49E9-BAD9-EC9090DF473D}.Debug|Any CPU.ActiveCfg = Debug|Any CPU
		{9729CAFB-D7BF-49E9-BAD9-EC9090DF473D}.Debug|Any CPU.Build.0 = Debug|Any CPU
		{9729CAFB-D7BF-49E9-BAD9-EC9090DF473D}.Release|Any CPU.ActiveCfg = Release|Any CPU
		{9729CAFB-D7BF-49E9-BAD9-EC9090DF473D}.Release|Any CPU.Build.0 = Release|Any CPU
		{4CF255BF-4234-49F0-8A40-A83AFA441422}.Debug|Any CPU.ActiveCfg = Debug|Any CPU
		{4CF255BF-4234-49F0-8A40-A83AFA441422}.Debug|Any CPU.Build.0 = Debug|Any CPU
		{4CF255BF-4234-49F0-8A40-A83AFA441422}.Release|Any CPU.ActiveCfg = Release|Any CPU
		{4CF255BF-4234-49F0-8A40-A83AFA441422}.Release|Any CPU.Build.0 = Release|Any CPU
	EndGlobalSection
	GlobalSection(SolutionProperties) = preSolution
		HideSolutionNode = FALSE
	EndGlobalSection
EndGlobal
